// !$*UTF8*$!
{
	archiveVersion = 1;
	classes = {
	};
	objectVersion = 50;
	objects = {

/* Begin PBXBuildFile section */
		71DD2F2F212C1C0900C3E110 /* Data.swift in Sources */ = {isa = PBXBuildFile; fileRef = 71DD2F1F212C1C0900C3E110 /* Data.swift */; };
		71DD2F30212C1C0900C3E110 /* Factory.swift in Sources */ = {isa = PBXBuildFile; fileRef = 71DD2F20212C1C0900C3E110 /* Factory.swift */; };
		71DD2F31212C1C0900C3E110 /* Item.swift in Sources */ = {isa = PBXBuildFile; fileRef = 71DD2F21212C1C0900C3E110 /* Item.swift */; };
		71DD2F32212C1C0900C3E110 /* Link.swift in Sources */ = {isa = PBXBuildFile; fileRef = 71DD2F22212C1C0900C3E110 /* Link.swift */; };
		71DD2F33212C1C0900C3E110 /* Page.swift in Sources */ = {isa = PBXBuildFile; fileRef = 71DD2F23212C1C0900C3E110 /* Page.swift */; };
		71DD2F34212C1C0900C3E110 /* ListData.swift in Sources */ = {isa = PBXBuildFile; fileRef = 71DD2F25212C1C0900C3E110 /* ListData.swift */; };
		71DD2F35212C1C0900C3E110 /* ListFactory.swift in Sources */ = {isa = PBXBuildFile; fileRef = 71DD2F26212C1C0900C3E110 /* ListFactory.swift */; };
		71DD2F36212C1C0900C3E110 /* ListLink.swift in Sources */ = {isa = PBXBuildFile; fileRef = 71DD2F27212C1C0900C3E110 /* ListLink.swift */; };
		71DD2F37212C1C0900C3E110 /* ListPage.swift in Sources */ = {isa = PBXBuildFile; fileRef = 71DD2F28212C1C0900C3E110 /* ListPage.swift */; };
		71DD2F38212C1C0900C3E110 /* main.swift in Sources */ = {isa = PBXBuildFile; fileRef = 71DD2F29212C1C0900C3E110 /* main.swift */; };
		71DD2F39212C1C0900C3E110 /* TableData.swift in Sources */ = {isa = PBXBuildFile; fileRef = 71DD2F2B212C1C0900C3E110 /* TableData.swift */; };
		71DD2F3A212C1C0900C3E110 /* TableFactory.swift in Sources */ = {isa = PBXBuildFile; fileRef = 71DD2F2C212C1C0900C3E110 /* TableFactory.swift */; };
		71DD2F3B212C1C0900C3E110 /* TableLink.swift in Sources */ = {isa = PBXBuildFile; fileRef = 71DD2F2D212C1C0900C3E110 /* TableLink.swift */; };
		71DD2F3C212C1C0900C3E110 /* TablePage.swift in Sources */ = {isa = PBXBuildFile; fileRef = 71DD2F2E212C1C0900C3E110 /* TablePage.swift */; };
/* End PBXBuildFile section */

/* Begin PBXCopyFilesBuildPhase section */
		7121BE25211FFE08006DABA4 /* CopyFiles */ = {
			isa = PBXCopyFilesBuildPhase;
			buildActionMask = 2147483647;
			dstPath = /usr/share/man/man1/;
			dstSubfolderSpec = 0;
			files = (
			);
			runOnlyForDeploymentPostprocessing = 1;
		};
/* End PBXCopyFilesBuildPhase section */

/* Begin PBXFileReference section */
		71DD2F1D212C1C0800C3E110 /* AbstractFactory */ = {isa = PBXFileReference; explicitFileType = "compiled.mach-o.executable"; includeInIndex = 0; path = AbstractFactory; sourceTree = BUILT_PRODUCTS_DIR; };
		71DD2F1F212C1C0900C3E110 /* Data.swift */ = {isa = PBXFileReference; fileEncoding = 4; lastKnownFileType = sourcecode.swift; path = Data.swift; sourceTree = "<group>"; };
		71DD2F20212C1C0900C3E110 /* Factory.swift */ = {isa = PBXFileReference; fileEncoding = 4; lastKnownFileType = sourcecode.swift; path = Factory.swift; sourceTree = "<group>"; };
		71DD2F21212C1C0900C3E110 /* Item.swift */ = {isa = PBXFileReference; fileEncoding = 4; lastKnownFileType = sourcecode.swift; path = Item.swift; sourceTree = "<group>"; };
		71DD2F22212C1C0900C3E110 /* Link.swift */ = {isa = PBXFileReference; fileEncoding = 4; lastKnownFileType = sourcecode.swift; path = Link.swift; sourceTree = "<group>"; };
		71DD2F23212C1C0900C3E110 /* Page.swift */ = {isa = PBXFileReference; fileEncoding = 4; lastKnownFileType = sourcecode.swift; path = Page.swift; sourceTree = "<group>"; };
		71DD2F25212C1C0900C3E110 /* ListData.swift */ = {isa = PBXFileReference; fileEncoding = 4; lastKnownFileType = sourcecode.swift; path = ListData.swift; sourceTree = "<group>"; };
		71DD2F26212C1C0900C3E110 /* ListFactory.swift */ = {isa = PBXFileReference; fileEncoding = 4; lastKnownFileType = sourcecode.swift; path = ListFactory.swift; sourceTree = "<group>"; };
		71DD2F27212C1C0900C3E110 /* ListLink.swift */ = {isa = PBXFileReference; fileEncoding = 4; lastKnownFileType = sourcecode.swift; path = ListLink.swift; sourceTree = "<group>"; };
		71DD2F28212C1C0900C3E110 /* ListPage.swift */ = {isa = PBXFileReference; fileEncoding = 4; lastKnownFileType = sourcecode.swift; path = ListPage.swift; sourceTree = "<group>"; };
		71DD2F29212C1C0900C3E110 /* main.swift */ = {isa = PBXFileReference; fileEncoding = 4; lastKnownFileType = sourcecode.swift; path = main.swift; sourceTree = "<group>"; };
		71DD2F2B212C1C0900C3E110 /* TableData.swift */ = {isa = PBXFileReference; fileEncoding = 4; lastKnownFileType = sourcecode.swift; path = TableData.swift; sourceTree = "<group>"; };
		71DD2F2C212C1C0900C3E110 /* TableFactory.swift */ = {isa = PBXFileReference; fileEncoding = 4; lastKnownFileType = sourcecode.swift; path = TableFactory.swift; sourceTree = "<group>"; };
		71DD2F2D212C1C0900C3E110 /* TableLink.swift */ = {isa = PBXFileReference; fileEncoding = 4; lastKnownFileType = sourcecode.swift; path = TableLink.swift; sourceTree = "<group>"; };
		71DD2F2E212C1C0900C3E110 /* TablePage.swift */ = {isa = PBXFileReference; fileEncoding = 4; lastKnownFileType = sourcecode.swift; path = TablePage.swift; sourceTree = "<group>"; };
/* End PBXFileReference section */

/* Begin PBXFrameworksBuildPhase section */
		7121BE24211FFE08006DABA4 /* Frameworks */ = {
			isa = PBXFrameworksBuildPhase;
			buildActionMask = 2147483647;
			files = (
			);
			runOnlyForDeploymentPostprocessing = 0;
		};
/* End PBXFrameworksBuildPhase section */

/* Begin PBXGroup section */
		7121BE1E211FFE08006DABA4 = {
			isa = PBXGroup;
			children = (
				71DD2F1E212C1C0900C3E110 /* Factory */,
				71DD2F24212C1C0900C3E110 /* ListFactory */,
				71DD2F29212C1C0900C3E110 /* main.swift */,
				71DD2F2A212C1C0900C3E110 /* TableFactory */,
				71DD2F1D212C1C0800C3E110 /* AbstractFactory */,
			);
			sourceTree = "<group>";
		};
		71DD2F1E212C1C0900C3E110 /* Factory */ = {
			isa = PBXGroup;
			children = (
				71DD2F1F212C1C0900C3E110 /* Data.swift */,
				71DD2F20212C1C0900C3E110 /* Factory.swift */,
				71DD2F21212C1C0900C3E110 /* Item.swift */,
				71DD2F22212C1C0900C3E110 /* Link.swift */,
				71DD2F23212C1C0900C3E110 /* Page.swift */,
			);
			path = Factory;
			sourceTree = "<group>";
		};
		71DD2F24212C1C0900C3E110 /* ListFactory */ = {
			isa = PBXGroup;
			children = (
				71DD2F25212C1C0900C3E110 /* ListData.swift */,
				71DD2F26212C1C0900C3E110 /* ListFactory.swift */,
				71DD2F27212C1C0900C3E110 /* ListLink.swift */,
				71DD2F28212C1C0900C3E110 /* ListPage.swift */,
			);
			path = ListFactory;
			sourceTree = "<group>";
		};
		71DD2F2A212C1C0900C3E110 /* TableFactory */ = {
			isa = PBXGroup;
			children = (
				71DD2F2B212C1C0900C3E110 /* TableData.swift */,
				71DD2F2C212C1C0900C3E110 /* TableFactory.swift */,
				71DD2F2D212C1C0900C3E110 /* TableLink.swift */,
				71DD2F2E212C1C0900C3E110 /* TablePage.swift */,
			);
			path = TableFactory;
			sourceTree = "<group>";
		};
/* End PBXGroup section */

/* Begin PBXNativeTarget section */
		7121BE26211FFE08006DABA4 /* AbstractFactory */ = {
			isa = PBXNativeTarget;
			buildConfigurationList = 7121BE2E211FFE08006DABA4 /* Build configuration list for PBXNativeTarget "AbstractFactory" */;
			buildPhases = (
				7121BE23211FFE08006DABA4 /* Sources */,
				7121BE24211FFE08006DABA4 /* Frameworks */,
				7121BE25211FFE08006DABA4 /* CopyFiles */,
			);
			buildRules = (
			);
			dependencies = (
			);
			name = AbstractFactory;
			productName = "design-pattern-examples-in-swift";
			productReference = 71DD2F1D212C1C0800C3E110 /* AbstractFactory */;
			productType = "com.apple.product-type.tool";
		};
/* End PBXNativeTarget section */

/* Begin PBXProject section */
		7121BE1F211FFE08006DABA4 /* Project object */ = {
			isa = PBXProject;
			attributes = {
				LastSwiftUpdateCheck = 0940;
				LastUpgradeCheck = 1240;
				ORGANIZATIONNAME = non;
				TargetAttributes = {
					7121BE26211FFE08006DABA4 = {
						CreatedOnToolsVersion = 9.4.1;
						LastSwiftMigration = 1250;
					};
				};
			};
			buildConfigurationList = 7121BE22211FFE08006DABA4 /* Build configuration list for PBXProject "AbstractFactory" */;
			compatibilityVersion = "Xcode 9.3";
			developmentRegion = en;
			hasScannedForEncodings = 0;
			knownRegions = (
				en,
				Base,
			);
			mainGroup = 7121BE1E211FFE08006DABA4;
			productRefGroup = 7121BE1E211FFE08006DABA4;
			projectDirPath = "";
			projectRoot = "";
			targets = (
				7121BE26211FFE08006DABA4 /* AbstractFactory */,
			);
		};
/* End PBXProject section */

/* Begin PBXSourcesBuildPhase section */
		7121BE23211FFE08006DABA4 /* Sources */ = {
			isa = PBXSourcesBuildPhase;
			buildActionMask = 2147483647;
			files = (
				71DD2F39212C1C0900C3E110 /* TableData.swift in Sources */,
				71DD2F3C212C1C0900C3E110 /* TablePage.swift in Sources */,
				71DD2F37212C1C0900C3E110 /* ListPage.swift in Sources */,
				71DD2F30212C1C0900C3E110 /* Factory.swift in Sources */,
				71DD2F31212C1C0900C3E110 /* Item.swift in Sources */,
				71DD2F2F212C1C0900C3E110 /* Data.swift in Sources */,
				71DD2F3A212C1C0900C3E110 /* TableFactory.swift in Sources */,
				71DD2F3B212C1C0900C3E110 /* TableLink.swift in Sources */,
				71DD2F36212C1C0900C3E110 /* ListLink.swift in Sources */,
				71DD2F32212C1C0900C3E110 /* Link.swift in Sources */,
				71DD2F38212C1C0900C3E110 /* main.swift in Sources */,
				71DD2F33212C1C0900C3E110 /* Page.swift in Sources */,
				71DD2F35212C1C0900C3E110 /* ListFactory.swift in Sources */,
				71DD2F34212C1C0900C3E110 /* ListData.swift in Sources */,
			);
			runOnlyForDeploymentPostprocessing = 0;
		};
/* End PBXSourcesBuildPhase section */

/* Begin XCBuildConfiguration section */
		7121BE2C211FFE08006DABA4 /* Debug */ = {
			isa = XCBuildConfiguration;
			buildSettings = {
				ALWAYS_SEARCH_USER_PATHS = NO;
				CLANG_ANALYZER_NONNULL = YES;
				CLANG_ANALYZER_NUMBER_OBJECT_CONVERSION = YES_AGGRESSIVE;
				CLANG_CXX_LANGUAGE_STANDARD = "gnu++14";
				CLANG_CXX_LIBRARY = "libc++";
				CLANG_ENABLE_MODULES = YES;
				CLANG_ENABLE_OBJC_ARC = YES;
				CLANG_ENABLE_OBJC_WEAK = YES;
				CLANG_WARN_BLOCK_CAPTURE_AUTORELEASING = YES;
				CLANG_WARN_BOOL_CONVERSION = YES;
				CLANG_WARN_COMMA = YES;
				CLANG_WARN_CONSTANT_CONVERSION = YES;
				CLANG_WARN_DEPRECATED_OBJC_IMPLEMENTATIONS = YES;
				CLANG_WARN_DIRECT_OBJC_ISA_USAGE = YES_ERROR;
				CLANG_WARN_DOCUMENTATION_COMMENTS = YES;
				CLANG_WARN_EMPTY_BODY = YES;
				CLANG_WARN_ENUM_CONVERSION = YES;
				CLANG_WARN_INFINITE_RECURSION = YES;
				CLANG_WARN_INT_CONVERSION = YES;
				CLANG_WARN_NON_LITERAL_NULL_CONVERSION = YES;
				CLANG_WARN_OBJC_IMPLICIT_RETAIN_SELF = YES;
				CLANG_WARN_OBJC_LITERAL_CONVERSION = YES;
				CLANG_WARN_OBJC_ROOT_CLASS = YES_ERROR;
				CLANG_WARN_QUOTED_INCLUDE_IN_FRAMEWORK_HEADER = YES;
				CLANG_WARN_RANGE_LOOP_ANALYSIS = YES;
				CLANG_WARN_STRICT_PROTOTYPES = YES;
				CLANG_WARN_SUSPICIOUS_MOVE = YES;
				CLANG_WARN_UNGUARDED_AVAILABILITY = YES_AGGRESSIVE;
				CLANG_WARN_UNREACHABLE_CODE = YES;
				CLANG_WARN__DUPLICATE_METHOD_MATCH = YES;
				CODE_SIGN_IDENTITY = "-";
				COPY_PHASE_STRIP = NO;
				DEBUG_INFORMATION_FORMAT = dwarf;
				ENABLE_STRICT_OBJC_MSGSEND = YES;
				ENABLE_TESTABILITY = YES;
				GCC_C_LANGUAGE_STANDARD = gnu11;
				GCC_DYNAMIC_NO_PIC = NO;
				GCC_NO_COMMON_BLOCKS = YES;
				GCC_OPTIMIZATION_LEVEL = 0;
				GCC_PREPROCESSOR_DEFINITIONS = (
					"DEBUG=1",
					"$(inherited)",
				);
				GCC_WARN_64_TO_32_BIT_CONVERSION = YES;
				GCC_WARN_ABOUT_RETURN_TYPE = YES_ERROR;
				GCC_WARN_UNDECLARED_SELECTOR = YES;
				GCC_WARN_UNINITIALIZED_AUTOS = YES_AGGRESSIVE;
				GCC_WARN_UNUSED_FUNCTION = YES;
				GCC_WARN_UNUSED_VARIABLE = YES;
				MACOSX_DEPLOYMENT_TARGET = 10.13;
				MTL_ENABLE_DEBUG_INFO = YES;
				ONLY_ACTIVE_ARCH = YES;
				SDKROOT = macosx;
				SWIFT_ACTIVE_COMPILATION_CONDITIONS = DEBUG;
				SWIFT_OPTIMIZATION_LEVEL = "-Onone";
			};
			name = Debug;
		};
		7121BE2D211FFE08006DABA4 /* Release */ = {
			isa = XCBuildConfiguration;
			buildSettings = {
				ALWAYS_SEARCH_USER_PATHS = NO;
				CLANG_ANALYZER_NONNULL = YES;
				CLANG_ANALYZER_NUMBER_OBJECT_CONVERSION = YES_AGGRESSIVE;
				CLANG_CXX_LANGUAGE_STANDARD = "gnu++14";
				CLANG_CXX_LIBRARY = "libc++";
				CLANG_ENABLE_MODULES = YES;
				CLANG_ENABLE_OBJC_ARC = YES;
				CLANG_ENABLE_OBJC_WEAK = YES;
				CLANG_WARN_BLOCK_CAPTURE_AUTORELEASING = YES;
				CLANG_WARN_BOOL_CONVERSION = YES;
				CLANG_WARN_COMMA = YES;
				CLANG_WARN_CONSTANT_CONVERSION = YES;
				CLANG_WARN_DEPRECATED_OBJC_IMPLEMENTATIONS = YES;
				CLANG_WARN_DIRECT_OBJC_ISA_USAGE = YES_ERROR;
				CLANG_WARN_DOCUMENTATION_COMMENTS = YES;
				CLANG_WARN_EMPTY_BODY = YES;
				CLANG_WARN_ENUM_CONVERSION = YES;
				CLANG_WARN_INFINITE_RECURSION = YES;
				CLANG_WARN_INT_CONVERSION = YES;
				CLANG_WARN_NON_LITERAL_NULL_CONVERSION = YES;
				CLANG_WARN_OBJC_IMPLICIT_RETAIN_SELF = YES;
				CLANG_WARN_OBJC_LITERAL_CONVERSION = YES;
				CLANG_WARN_OBJC_ROOT_CLASS = YES_ERROR;
				CLANG_WARN_QUOTED_INCLUDE_IN_FRAMEWORK_HEADER = YES;
				CLANG_WARN_RANGE_LOOP_ANALYSIS = YES;
				CLANG_WARN_STRICT_PROTOTYPES = YES;
				CLANG_WARN_SUSPICIOUS_MOVE = YES;
				CLANG_WARN_UNGUARDED_AVAILABILITY = YES_AGGRESSIVE;
				CLANG_WARN_UNREACHABLE_CODE = YES;
				CLANG_WARN__DUPLICATE_METHOD_MATCH = YES;
				CODE_SIGN_IDENTITY = "-";
				COPY_PHASE_STRIP = NO;
				DEBUG_INFORMATION_FORMAT = "dwarf-with-dsym";
				ENABLE_NS_ASSERTIONS = NO;
				ENABLE_STRICT_OBJC_MSGSEND = YES;
				GCC_C_LANGUAGE_STANDARD = gnu11;
				GCC_NO_COMMON_BLOCKS = YES;
				GCC_WARN_64_TO_32_BIT_CONVERSION = YES;
				GCC_WARN_ABOUT_RETURN_TYPE = YES_ERROR;
				GCC_WARN_UNDECLARED_SELECTOR = YES;
				GCC_WARN_UNINITIALIZED_AUTOS = YES_AGGRESSIVE;
				GCC_WARN_UNUSED_FUNCTION = YES;
				GCC_WARN_UNUSED_VARIABLE = YES;
				MACOSX_DEPLOYMENT_TARGET = 10.13;
				MTL_ENABLE_DEBUG_INFO = NO;
				SDKROOT = macosx;
				SWIFT_COMPILATION_MODE = wholemodule;
				SWIFT_OPTIMIZATION_LEVEL = "-O";
			};
			name = Release;
		};
		7121BE2F211FFE08006DABA4 /* Debug */ = {
			isa = XCBuildConfiguration;
			buildSettings = {
				CLANG_ENABLE_MODULES = YES;
				CODE_SIGN_IDENTITY = "-";
				CODE_SIGN_STYLE = Automatic;
				LD_RUNPATH_SEARCH_PATHS = (
					"$(inherited)",
					"@executable_path/../Frameworks",
					"@loader_path/../Frameworks",
				);
				PRODUCT_NAME = "$(TARGET_NAME)";
				SWIFT_OPTIMIZATION_LEVEL = "-Onone";
				SWIFT_VERSION = 5.0;
			};
			name = Debug;
		};
		7121BE30211FFE08006DABA4 /* Release */ = {
			isa = XCBuildConfiguration;
			buildSettings = {
				CLANG_ENABLE_MODULES = YES;
				CODE_SIGN_IDENTITY = "-";
				CODE_SIGN_STYLE = Automatic;
				LD_RUNPATH_SEARCH_PATHS = (
					"$(inherited)",
					"@executable_path/../Frameworks",
					"@loader_path/../Frameworks",
				);
				PRODUCT_NAME = "$(TARGET_NAME)";
				SWIFT_VERSION = 5.0;
			};
			name = Release;
		};
/* End XCBuildConfiguration section */

/* Begin XCConfigurationList section */
		7121BE22211FFE08006DABA4 /* Build configuration list for PBXProject "AbstractFactory" */ = {
			isa = XCConfigurationList;
			buildConfigurations = (
				7121BE2C211FFE08006DABA4 /* Debug */,
				7121BE2D211FFE08006DABA4 /* Release */,
			);
			defaultConfigurationIsVisible = 0;
			defaultConfigurationName = Release;
		};
		7121BE2E211FFE08006DABA4 /* Build configuration list for PBXNativeTarget "AbstractFactory" */ = {
			isa = XCConfigurationList;
			buildConfigurations = (
				7121BE2F211FFE08006DABA4 /* Debug */,
				7121BE30211FFE08006DABA4 /* Release */,
			);
			defaultConfigurationIsVisible = 0;
			defaultConfigurationName = Release;
		};
/* End XCConfigurationList section */
	};
	rootObject = 7121BE1F211FFE08006DABA4 /* Project object */;
}
