// !$*UTF8*$!
{
	archiveVersion = 1;
	classes = {
	};
	objectVersion = 50;
	objects = {

/* Begin PBXBuildFile section */
		7121BE50212000BC006DABA4 /* Node.swift in Sources */ = {isa = PBXBuildFile; fileRef = 7121BE46212000BB006DABA4 /* Node.swift */; };
		7121BE51212000BC006DABA4 /* Program.swift in Sources */ = {isa = PBXBuildFile; fileRef = 7121BE47212000BB006DABA4 /* Program.swift */; };
		7121BE52212000BC006DABA4 /* Repeat.swift in Sources */ = {isa = PBXBuildFile; fileRef = 7121BE48212000BC006DABA4 /* Repeat.swift */; };
		7121BE53212000BC006DABA4 /* main.swift in Sources */ = {isa = PBXBuildFile; fileRef = 7121BE49212000BC006DABA4 /* main.swift */; };
		7121BE55212000BC006DABA4 /* Context.swift in Sources */ = {isa = PBXBuildFile; fileRef = 7121BE4B212000BC006DABA4 /* Context.swift */; };
		7121BE56212000BC006DABA4 /* Action.swift in Sources */ = {isa = PBXBuildFile; fileRef = 7121BE4D212000BC006DABA4 /* Action.swift */; };
		7121BE57212000BC006DABA4 /* CommandList.swift in Sources */ = {isa = PBXBuildFile; fileRef = 7121BE4E212000BC006DABA4 /* CommandList.swift */; };
		7121BE58212000BC006DABA4 /* Command.swift in Sources */ = {isa = PBXBuildFile; fileRef = 7121BE4F212000BC006DABA4 /* Command.swift */; };
		71A2221E213FE39B00566A3E /* program.txt in CopyFiles */ = {isa = PBXBuildFile; fileRef = 71A221DD213FBBCD00566A3E /* program.txt */; };
/* End PBXBuildFile section */

/* Begin PBXCopyFilesBuildPhase section */
		7121BE25211FFE08006DABA4 /* CopyFiles */ = {
			isa = PBXCopyFilesBuildPhase;
			buildActionMask = 12;
			dstPath = "";
			dstSubfolderSpec = 16;
			files = (
				71A2221E213FE39B00566A3E /* program.txt in CopyFiles */,
			);
			runOnlyForDeploymentPostprocessing = 0;
		};
/* End PBXCopyFilesBuildPhase section */

/* Begin PBXFileReference section */
		7121BE45212000BB006DABA4 /* Interpreter */ = {isa = PBXFileReference; explicitFileType = "compiled.mach-o.executable"; includeInIndex = 0; path = Interpreter; sourceTree = BUILT_PRODUCTS_DIR; };
		7121BE46212000BB006DABA4 /* Node.swift */ = {isa = PBXFileReference; fileEncoding = 4; lastKnownFileType = sourcecode.swift; path = Node.swift; sourceTree = "<group>"; };
		7121BE47212000BB006DABA4 /* Program.swift */ = {isa = PBXFileReference; fileEncoding = 4; lastKnownFileType = sourcecode.swift; path = Program.swift; sourceTree = "<group>"; };
		7121BE48212000BC006DABA4 /* Repeat.swift */ = {isa = PBXFileReference; fileEncoding = 4; lastKnownFileType = sourcecode.swift; path = Repeat.swift; sourceTree = "<group>"; };
		7121BE49212000BC006DABA4 /* main.swift */ = {isa = PBXFileReference; fileEncoding = 4; lastKnownFileType = sourcecode.swift; path = main.swift; sourceTree = "<group>"; };
		7121BE4B212000BC006DABA4 /* Context.swift */ = {isa = PBXFileReference; fileEncoding = 4; lastKnownFileType = sourcecode.swift; path = Context.swift; sourceTree = "<group>"; };
		7121BE4D212000BC006DABA4 /* Action.swift */ = {isa = PBXFileReference; fileEncoding = 4; lastKnownFileType = sourcecode.swift; path = Action.swift; sourceTree = "<group>"; };
		7121BE4E212000BC006DABA4 /* CommandList.swift */ = {isa = PBXFileReference; fileEncoding = 4; lastKnownFileType = sourcecode.swift; path = CommandList.swift; sourceTree = "<group>"; };
		7121BE4F212000BC006DABA4 /* Command.swift */ = {isa = PBXFileReference; fileEncoding = 4; lastKnownFileType = sourcecode.swift; path = Command.swift; sourceTree = "<group>"; };
		71A221DD213FBBCD00566A3E /* program.txt */ = {isa = PBXFileReference; fileEncoding = 4; lastKnownFileType = text; lineEnding = 0; path = program.txt; sourceTree = "<group>"; };
/* End PBXFileReference section */

/* Begin PBXFrameworksBuildPhase section */
		7121BE24211FFE08006DABA4 /* Frameworks */ = {
			isa = PBXFrameworksBuildPhase;
			buildActionMask = 2147483647;
			files = (
			);
			runOnlyForDeploymentPostprocessing = 0;
		};
/* End PBXFrameworksBuildPhase section */

/* Begin PBXGroup section */
		7121BE1E211FFE08006DABA4 = {
			isa = PBXGroup;
			children = (
				7121BE4D212000BC006DABA4 /* Action.swift */,
				7121BE4F212000BC006DABA4 /* Command.swift */,
				7121BE4E212000BC006DABA4 /* CommandList.swift */,
				7121BE4B212000BC006DABA4 /* Context.swift */,
				7121BE49212000BC006DABA4 /* main.swift */,
				7121BE46212000BB006DABA4 /* Node.swift */,
				7121BE47212000BB006DABA4 /* Program.swift */,
				7121BE48212000BC006DABA4 /* Repeat.swift */,
				71A221DD213FBBCD00566A3E /* program.txt */,
				7121BE45212000BB006DABA4 /* Interpreter */,
			);
			sourceTree = "<group>";
		};
/* End PBXGroup section */

/* Begin PBXNativeTarget section */
		7121BE26211FFE08006DABA4 /* Interpreter */ = {
			isa = PBXNativeTarget;
			buildConfigurationList = 7121BE2E211FFE08006DABA4 /* Build configuration list for PBXNativeTarget "Interpreter" */;
			buildPhases = (
				7121BE23211FFE08006DABA4 /* Sources */,
				7121BE24211FFE08006DABA4 /* Frameworks */,
				7121BE25211FFE08006DABA4 /* CopyFiles */,
			);
			buildRules = (
			);
			dependencies = (
			);
			name = Interpreter;
			productName = "design-pattern-examples-in-swift";
			productReference = 7121BE45212000BB006DABA4 /* Interpreter */;
			productType = "com.apple.product-type.tool";
		};
/* End PBXNativeTarget section */

/* Begin PBXProject section */
		7121BE1F211FFE08006DABA4 /* Project object */ = {
			isa = PBXProject;
			attributes = {
				LastSwiftUpdateCheck = 0940;
				LastUpgradeCheck = 1240;
				ORGANIZATIONNAME = non;
				TargetAttributes = {
					7121BE26211FFE08006DABA4 = {
						CreatedOnToolsVersion = 9.4.1;
						LastSwiftMigration = 1250;
					};
				};
			};
			buildConfigurationList = 7121BE22211FFE08006DABA4 /* Build configuration list for PBXProject "Interpreter" */;
			compatibilityVersion = "Xcode 9.3";
			developmentRegion = en;
			hasScannedForEncodings = 0;
			knownRegions = (
				en,
				Base,
			);
			mainGroup = 7121BE1E211FFE08006DABA4;
			productRefGroup = 7121BE1E211FFE08006DABA4;
			projectDirPath = "";
			projectRoot = "";
			targets = (
				7121BE26211FFE08006DABA4 /* Interpreter */,
			);
		};
/* End PBXProject section */

/* Begin PBXSourcesBuildPhase section */
		7121BE23211FFE08006DABA4 /* Sources */ = {
			isa = PBXSourcesBuildPhase;
			buildActionMask = 2147483647;
			files = (
				7121BE51212000BC006DABA4 /* Program.swift in Sources */,
				7121BE52212000BC006DABA4 /* Repeat.swift in Sources */,
				7121BE53212000BC006DABA4 /* main.swift in Sources */,
				7121BE55212000BC006DABA4 /* Context.swift in Sources */,
				7121BE56212000BC006DABA4 /* Action.swift in Sources */,
				7121BE58212000BC006DABA4 /* Command.swift in Sources */,
				7121BE50212000BC006DABA4 /* Node.swift in Sources */,
				7121BE57212000BC006DABA4 /* CommandList.swift in Sources */,
			);
			runOnlyForDeploymentPostprocessing = 0;
		};
/* End PBXSourcesBuildPhase section */

/* Begin XCBuildConfiguration section */
		7121BE2C211FFE08006DABA4 /* Debug */ = {
			isa = XCBuildConfiguration;
			buildSettings = {
				ALWAYS_SEARCH_USER_PATHS = NO;
				CLANG_ANALYZER_NONNULL = YES;
				CLANG_ANALYZER_NUMBER_OBJECT_CONVERSION = YES_AGGRESSIVE;
				CLANG_CXX_LANGUAGE_STANDARD = "gnu++14";
				CLANG_CXX_LIBRARY = "libc++";
				CLANG_ENABLE_MODULES = YES;
				CLANG_ENABLE_OBJC_ARC = YES;
				CLANG_ENABLE_OBJC_WEAK = YES;
				CLANG_WARN_BLOCK_CAPTURE_AUTORELEASING = YES;
				CLANG_WARN_BOOL_CONVERSION = YES;
				CLANG_WARN_COMMA = YES;
				CLANG_WARN_CONSTANT_CONVERSION = YES;
				CLANG_WARN_DEPRECATED_OBJC_IMPLEMENTATIONS = YES;
				CLANG_WARN_DIRECT_OBJC_ISA_USAGE = YES_ERROR;
				CLANG_WARN_DOCUMENTATION_COMMENTS = YES;
				CLANG_WARN_EMPTY_BODY = YES;
				CLANG_WARN_ENUM_CONVERSION = YES;
				CLANG_WARN_INFINITE_RECURSION = YES;
				CLANG_WARN_INT_CONVERSION = YES;
				CLANG_WARN_NON_LITERAL_NULL_CONVERSION = YES;
				CLANG_WARN_OBJC_IMPLICIT_RETAIN_SELF = YES;
				CLANG_WARN_OBJC_LITERAL_CONVERSION = YES;
				CLANG_WARN_OBJC_ROOT_CLASS = YES_ERROR;
				CLANG_WARN_QUOTED_INCLUDE_IN_FRAMEWORK_HEADER = YES;
				CLANG_WARN_RANGE_LOOP_ANALYSIS = YES;
				CLANG_WARN_STRICT_PROTOTYPES = YES;
				CLANG_WARN_SUSPICIOUS_MOVE = YES;
				CLANG_WARN_UNGUARDED_AVAILABILITY = YES_AGGRESSIVE;
				CLANG_WARN_UNREACHABLE_CODE = YES;
				CLANG_WARN__DUPLICATE_METHOD_MATCH = YES;
				CODE_SIGN_IDENTITY = "-";
				COPY_PHASE_STRIP = NO;
				DEBUG_INFORMATION_FORMAT = dwarf;
				ENABLE_STRICT_OBJC_MSGSEND = YES;
				ENABLE_TESTABILITY = YES;
				GCC_C_LANGUAGE_STANDARD = gnu11;
				GCC_DYNAMIC_NO_PIC = NO;
				GCC_NO_COMMON_BLOCKS = YES;
				GCC_OPTIMIZATION_LEVEL = 0;
				GCC_PREPROCESSOR_DEFINITIONS = (
					"DEBUG=1",
					"$(inherited)",
				);
				GCC_WARN_64_TO_32_BIT_CONVERSION = YES;
				GCC_WARN_ABOUT_RETURN_TYPE = YES_ERROR;
				GCC_WARN_UNDECLARED_SELECTOR = YES;
				GCC_WARN_UNINITIALIZED_AUTOS = YES_AGGRESSIVE;
				GCC_WARN_UNUSED_FUNCTION = YES;
				GCC_WARN_UNUSED_VARIABLE = YES;
				MACOSX_DEPLOYMENT_TARGET = 10.13;
				MTL_ENABLE_DEBUG_INFO = YES;
				ONLY_ACTIVE_ARCH = YES;
				SDKROOT = macosx;
				SWIFT_ACTIVE_COMPILATION_CONDITIONS = DEBUG;
				SWIFT_OPTIMIZATION_LEVEL = "-Onone";
			};
			name = Debug;
		};
		7121BE2D211FFE08006DABA4 /* Release */ = {
			isa = XCBuildConfiguration;
			buildSettings = {
				ALWAYS_SEARCH_USER_PATHS = NO;
				CLANG_ANALYZER_NONNULL = YES;
				CLANG_ANALYZER_NUMBER_OBJECT_CONVERSION = YES_AGGRESSIVE;
				CLANG_CXX_LANGUAGE_STANDARD = "gnu++14";
				CLANG_CXX_LIBRARY = "libc++";
				CLANG_ENABLE_MODULES = YES;
				CLANG_ENABLE_OBJC_ARC = YES;
				CLANG_ENABLE_OBJC_WEAK = YES;
				CLANG_WARN_BLOCK_CAPTURE_AUTORELEASING = YES;
				CLANG_WARN_BOOL_CONVERSION = YES;
				CLANG_WARN_COMMA = YES;
				CLANG_WARN_CONSTANT_CONVERSION = YES;
				CLANG_WARN_DEPRECATED_OBJC_IMPLEMENTATIONS = YES;
				CLANG_WARN_DIRECT_OBJC_ISA_USAGE = YES_ERROR;
				CLANG_WARN_DOCUMENTATION_COMMENTS = YES;
				CLANG_WARN_EMPTY_BODY = YES;
				CLANG_WARN_ENUM_CONVERSION = YES;
				CLANG_WARN_INFINITE_RECURSION = YES;
				CLANG_WARN_INT_CONVERSION = YES;
				CLANG_WARN_NON_LITERAL_NULL_CONVERSION = YES;
				CLANG_WARN_OBJC_IMPLICIT_RETAIN_SELF = YES;
				CLANG_WARN_OBJC_LITERAL_CONVERSION = YES;
				CLANG_WARN_OBJC_ROOT_CLASS = YES_ERROR;
				CLANG_WARN_QUOTED_INCLUDE_IN_FRAMEWORK_HEADER = YES;
				CLANG_WARN_RANGE_LOOP_ANALYSIS = YES;
				CLANG_WARN_STRICT_PROTOTYPES = YES;
				CLANG_WARN_SUSPICIOUS_MOVE = YES;
				CLANG_WARN_UNGUARDED_AVAILABILITY = YES_AGGRESSIVE;
				CLANG_WARN_UNREACHABLE_CODE = YES;
				CLANG_WARN__DUPLICATE_METHOD_MATCH = YES;
				CODE_SIGN_IDENTITY = "-";
				COPY_PHASE_STRIP = NO;
				DEBUG_INFORMATION_FORMAT = "dwarf-with-dsym";
				ENABLE_NS_ASSERTIONS = NO;
				ENABLE_STRICT_OBJC_MSGSEND = YES;
				GCC_C_LANGUAGE_STANDARD = gnu11;
				GCC_NO_COMMON_BLOCKS = YES;
				GCC_WARN_64_TO_32_BIT_CONVERSION = YES;
				GCC_WARN_ABOUT_RETURN_TYPE = YES_ERROR;
				GCC_WARN_UNDECLARED_SELECTOR = YES;
				GCC_WARN_UNINITIALIZED_AUTOS = YES_AGGRESSIVE;
				GCC_WARN_UNUSED_FUNCTION = YES;
				GCC_WARN_UNUSED_VARIABLE = YES;
				MACOSX_DEPLOYMENT_TARGET = 10.13;
				MTL_ENABLE_DEBUG_INFO = NO;
				SDKROOT = macosx;
				SWIFT_COMPILATION_MODE = wholemodule;
				SWIFT_OPTIMIZATION_LEVEL = "-O";
			};
			name = Release;
		};
		7121BE2F211FFE08006DABA4 /* Debug */ = {
			isa = XCBuildConfiguration;
			buildSettings = {
				CLANG_ENABLE_MODULES = YES;
				CODE_SIGN_IDENTITY = "-";
				CODE_SIGN_STYLE = Automatic;
				LD_RUNPATH_SEARCH_PATHS = (
					"$(inherited)",
					"@executable_path/../Frameworks",
					"@loader_path/../Frameworks",
				);
				PRODUCT_NAME = "$(TARGET_NAME)";
				SWIFT_OPTIMIZATION_LEVEL = "-Onone";
				SWIFT_VERSION = 5.0;
			};
			name = Debug;
		};
		7121BE30211FFE08006DABA4 /* Release */ = {
			isa = XCBuildConfiguration;
			buildSettings = {
				CLANG_ENABLE_MODULES = YES;
				CODE_SIGN_IDENTITY = "-";
				CODE_SIGN_STYLE = Automatic;
				LD_RUNPATH_SEARCH_PATHS = (
					"$(inherited)",
					"@executable_path/../Frameworks",
					"@loader_path/../Frameworks",
				);
				PRODUCT_NAME = "$(TARGET_NAME)";
				SWIFT_VERSION = 5.0;
			};
			name = Release;
		};
/* End XCBuildConfiguration section */

/* Begin XCConfigurationList section */
		7121BE22211FFE08006DABA4 /* Build configuration list for PBXProject "Interpreter" */ = {
			isa = XCConfigurationList;
			buildConfigurations = (
				7121BE2C211FFE08006DABA4 /* Debug */,
				7121BE2D211FFE08006DABA4 /* Release */,
			);
			defaultConfigurationIsVisible = 0;
			defaultConfigurationName = Release;
		};
		7121BE2E211FFE08006DABA4 /* Build configuration list for PBXNativeTarget "Interpreter" */ = {
			isa = XCConfigurationList;
			buildConfigurations = (
				7121BE2F211FFE08006DABA4 /* Debug */,
				7121BE30211FFE08006DABA4 /* Release */,
			);
			defaultConfigurationIsVisible = 0;
			defaultConfigurationName = Release;
		};
/* End XCConfigurationList section */
	};
	rootObject = 7121BE1F211FFE08006DABA4 /* Project object */;
}
